{
  "version": 4,
  "terraform_version": "1.3.9",
  "serial": 8,
  "lineage": "52669754-aeae-839e-72b2-0a2a87c9232d",
  "outputs": {},
  "resources": [
    {
      "mode": "managed",
      "type": "azurerm_application_insights",
      "name": "appinsights",
      "provider": "provider[\"registry.terraform.io/hashicorp/azurerm\"]",
      "instances": [
        {
          "schema_version": 1,
          "attributes": {
            "app_id": "b734552c-b08e-4ea6-a0e5-78fd94cc66e4",
            "application_type": "web",
            "connection_string": "InstrumentationKey=f8aa44af-191c-4b61-bfff-f69671bac5dd;IngestionEndpoint=https://eastus-8.in.applicationinsights.azure.com/;LiveEndpoint=https://eastus.livediagnostics.monitor.azure.com/",
            "daily_data_cap_in_gb": 100,
            "daily_data_cap_notifications_disabled": false,
            "disable_ip_masking": false,
            "force_customer_storage_for_profiler": false,
            "id": "/subscriptions/d9ff5d97-c0e9-49b2-835d-fc0f8396d5a8/resourceGroups/app-grp/providers/Microsoft.Insights/components/appworkspacetf8921734",
            "instrumentation_key": "f8aa44af-191c-4b61-bfff-f69671bac5dd",
            "internet_ingestion_enabled": true,
            "internet_query_enabled": true,
            "local_authentication_disabled": false,
            "location": "eastus",
            "name": "appworkspacetf8921734",
            "resource_group_name": "app-grp",
            "retention_in_days": 90,
            "sampling_percentage": 100,
            "tags": null,
            "timeouts": null,
            "workspace_id": "/subscriptions/d9ff5d97-c0e9-49b2-835d-fc0f8396d5a8/resourceGroups/app-grp/providers/Microsoft.OperationalInsights/workspaces/appworkspacetf892173"
          },
          "sensitive_attributes": [],
          "private": "eyJlMmJmYjczMC1lY2FhLTExZTYtOGY4OC0zNDM2M2JjN2M0YzAiOnsiY3JlYXRlIjozNjAwMDAwMDAwMDAwLCJkZWxldGUiOjE4MDAwMDAwMDAwMDAsInJlYWQiOjMwMDAwMDAwMDAwMCwidXBkYXRlIjoxODAwMDAwMDAwMDAwfSwic2NoZW1hX3ZlcnNpb24iOiIxIn0=",
          "dependencies": [
            "azurerm_log_analytics_workspace.appworkspace"
          ]
        }
      ]
    },
    {
      "mode": "managed",
      "type": "azurerm_log_analytics_workspace",
      "name": "appworkspace",
      "provider": "provider[\"registry.terraform.io/hashicorp/azurerm\"]",
      "instances": [
        {
          "schema_version": 2,
          "attributes": {
            "daily_quota_gb": -1,
            "id": "/subscriptions/d9ff5d97-c0e9-49b2-835d-fc0f8396d5a8/resourceGroups/app-grp/providers/Microsoft.OperationalInsights/workspaces/appworkspacetf892173",
            "internet_ingestion_enabled": true,
            "internet_query_enabled": true,
            "location": "eastus",
            "name": "appworkspacetf892173",
            "primary_shared_key": "TiZcMzc8pYq7OTlNSPRwZ4VMloFzHCvYbW8lbyRaTfuxcxIHr0GpKVRjhWZXbfzJDxvNN6v70UwbUdKPEJnKhw==",
            "reservation_capacity_in_gb_per_day": null,
            "resource_group_name": "app-grp",
            "retention_in_days": 30,
            "secondary_shared_key": "C5JJ0hW2KZ3TFa45DpEGFKoz98S0Q90cl7EKME+boZtKW7vC0w6AFrhfNcUr85FVn6RxQ5Ogk1sITU9Fvvfi1g==",
            "sku": "PerGB2018",
            "tags": null,
            "timeouts": null,
            "workspace_id": "0e5b54d9-d9d3-4963-b8dc-1e4e9e00b8a5"
          },
          "sensitive_attributes": [],
          "private": "eyJlMmJmYjczMC1lY2FhLTExZTYtOGY4OC0zNDM2M2JjN2M0YzAiOnsiY3JlYXRlIjoxODAwMDAwMDAwMDAwLCJkZWxldGUiOjE4MDAwMDAwMDAwMDAsInJlYWQiOjMwMDAwMDAwMDAwMCwidXBkYXRlIjoxODAwMDAwMDAwMDAwfSwic2NoZW1hX3ZlcnNpb24iOiIyIn0="
        }
      ]
    },
    {
      "mode": "managed",
      "type": "azurerm_resource_group",
      "name": "appgrp",
      "provider": "provider[\"registry.terraform.io/hashicorp/azurerm\"]",
      "instances": [
        {
          "schema_version": 0,
          "attributes": {
            "id": "/subscriptions/d9ff5d97-c0e9-49b2-835d-fc0f8396d5a8/resourceGroups/app-grp",
            "location": "eastus",
            "name": "app-grp",
            "tags": {},
            "timeouts": null
          },
          "sensitive_attributes": [],
          "private": "eyJlMmJmYjczMC1lY2FhLTExZTYtOGY4OC0zNDM2M2JjN2M0YzAiOnsiY3JlYXRlIjo1NDAwMDAwMDAwMDAwLCJkZWxldGUiOjU0MDAwMDAwMDAwMDAsInJlYWQiOjMwMDAwMDAwMDAwMCwidXBkYXRlIjo1NDAwMDAwMDAwMDAwfX0="
        }
      ]
    },
    {
      "mode": "managed",
      "type": "azurerm_service_plan",
      "name": "companyplan",
      "provider": "provider[\"registry.terraform.io/hashicorp/azurerm\"]",
      "instances": [
        {
          "schema_version": 0,
          "attributes": {
            "app_service_environment_id": "",
            "id": "/subscriptions/d9ff5d97-c0e9-49b2-835d-fc0f8396d5a8/resourceGroups/app-grp/providers/Microsoft.Web/serverfarms/appserviceplan",
            "kind": "app",
            "location": "eastus",
            "maximum_elastic_worker_count": 1,
            "name": "appserviceplan",
            "os_type": "Windows",
            "per_site_scaling_enabled": false,
            "reserved": false,
            "resource_group_name": "app-grp",
            "sku_name": "B1",
            "tags": {},
            "timeouts": null,
            "worker_count": 1,
            "zone_balancing_enabled": false
          },
          "sensitive_attributes": [],
          "private": "eyJlMmJmYjczMC1lY2FhLTExZTYtOGY4OC0zNDM2M2JjN2M0YzAiOnsiY3JlYXRlIjozNjAwMDAwMDAwMDAwLCJkZWxldGUiOjM2MDAwMDAwMDAwMDAsInJlYWQiOjMwMDAwMDAwMDAwMCwidXBkYXRlIjozNjAwMDAwMDAwMDAwfX0=",
          "dependencies": [
            "azurerm_resource_group.appgrp"
          ]
        }
      ]
    },
    {
      "mode": "managed",
      "type": "azurerm_windows_web_app",
      "name": "thefinalhawkapp1000",
      "provider": "provider[\"registry.terraform.io/hashicorp/azurerm\"]",
      "instances": [
        {
          "schema_version": 0,
          "attributes": {
            "app_settings": {
              "APPINSIGHTS_INSTRUMENTATIONKEY": "f8aa44af-191c-4b61-bfff-f69671bac5dd",
              "APPLICATIONINSIGHTS_CONNECTION_STRING": "InstrumentationKey=f8aa44af-191c-4b61-bfff-f69671bac5dd;IngestionEndpoint=https://eastus-8.in.applicationinsights.azure.com/;LiveEndpoint=https://eastus.livediagnostics.monitor.azure.com/"
            },
            "auth_settings": [
              {
                "active_directory": [],
                "additional_login_parameters": {},
                "allowed_external_redirect_urls": [],
                "default_provider": "",
                "enabled": false,
                "facebook": [],
                "github": [],
                "google": [],
                "issuer": "",
                "microsoft": [],
                "runtime_version": "",
                "token_refresh_extension_hours": 0,
                "token_store_enabled": false,
                "twitter": [],
                "unauthenticated_client_action": ""
              }
            ],
            "backup": [],
            "client_affinity_enabled": false,
            "client_certificate_enabled": false,
            "client_certificate_mode": "Required",
            "connection_string": [],
            "custom_domain_verification_id": "473D4846ABD9E644CD8BB8E858B5D22C32EEFC78164439CCDAE7F862FB7816A4",
            "default_hostname": "thefinalhawkapp1000.azurewebsites.net",
            "enabled": true,
            "https_only": false,
            "id": "/subscriptions/d9ff5d97-c0e9-49b2-835d-fc0f8396d5a8/resourceGroups/app-grp/providers/Microsoft.Web/sites/thefinalhawkapp1000",
            "identity": [],
            "key_vault_reference_identity_id": "SystemAssigned",
            "kind": "app",
            "location": "eastus",
            "logs": [],
            "name": "thefinalhawkapp1000",
            "outbound_ip_address_list": [
              "20.85.178.20",
              "20.85.178.53",
              "20.85.179.160",
              "20.85.179.200",
              "20.85.179.239",
              "20.85.180.190",
              "20.119.16.27"
            ],
            "outbound_ip_addresses": "20.85.178.20,20.85.178.53,20.85.179.160,20.85.179.200,20.85.179.239,20.85.180.190,20.119.16.27",
            "possible_outbound_ip_address_list": [
              "20.85.178.20",
              "20.85.178.53",
              "20.85.179.160",
              "20.85.179.200",
              "20.85.179.239",
              "20.85.180.190",
              "20.85.180.224",
              "20.85.180.252",
              "20.85.181.108",
              "20.85.181.144",
              "20.85.182.142",
              "20.85.183.28",
              "20.85.183.87",
              "20.85.183.121",
              "20.121.161.80",
              "20.121.161.168",
              "20.121.163.27",
              "20.121.165.25",
              "20.121.165.50",
              "20.121.165.53",
              "20.121.165.113",
              "20.121.165.226",
              "20.121.166.59",
              "20.121.166.179",
              "20.121.167.223",
              "20.81.113.133",
              "20.121.167.246",
              "20.237.56.10",
              "20.237.56.171",
              "20.237.56.213",
              "20.119.16.27"
            ],
            "possible_outbound_ip_addresses": "20.85.178.20,20.85.178.53,20.85.179.160,20.85.179.200,20.85.179.239,20.85.180.190,20.85.180.224,20.85.180.252,20.85.181.108,20.85.181.144,20.85.182.142,20.85.183.28,20.85.183.87,20.85.183.121,20.121.161.80,20.121.161.168,20.121.163.27,20.121.165.25,20.121.165.50,20.121.165.53,20.121.165.113,20.121.165.226,20.121.166.59,20.121.166.179,20.121.167.223,20.81.113.133,20.121.167.246,20.237.56.10,20.237.56.171,20.237.56.213,20.119.16.27",
            "resource_group_name": "app-grp",
            "service_plan_id": "/subscriptions/d9ff5d97-c0e9-49b2-835d-fc0f8396d5a8/resourceGroups/app-grp/providers/Microsoft.Web/serverfarms/appserviceplan",
            "site_config": [
              {
                "always_on": true,
                "api_definition_url": "",
                "api_management_api_id": "",
                "app_command_line": "",
                "application_stack": [
                  {
                    "current_stack": "dotnet",
                    "docker_container_name": "",
                    "docker_container_registry": "",
                    "docker_container_tag": "",
                    "dotnet_version": "v6.0",
                    "java_container": "",
                    "java_container_version": "",
                    "java_version": "",
                    "node_version": "",
                    "php_version": "",
                    "python_version": ""
                  }
                ],
                "auto_heal_enabled": false,
                "auto_heal_setting": [],
                "container_registry_managed_identity_client_id": "",
                "container_registry_use_managed_identity": false,
                "cors": [],
                "default_documents": [
                  "Default.htm",
                  "Default.html",
                  "Default.asp",
                  "index.htm",
                  "index.html",
                  "iisstart.htm",
                  "default.aspx",
                  "index.php",
                  "hostingstart.html"
                ],
                "detailed_error_logging_enabled": false,
                "ftps_state": "Disabled",
                "health_check_eviction_time_in_min": 0,
                "health_check_path": "",
                "http2_enabled": false,
                "ip_restriction": [],
                "linux_fx_version": "",
                "load_balancing_mode": "LeastRequests",
                "local_mysql_enabled": false,
                "managed_pipeline_mode": "Integrated",
                "minimum_tls_version": "1.2",
                "remote_debugging_enabled": false,
                "remote_debugging_version": "VS2019",
                "scm_ip_restriction": [],
                "scm_minimum_tls_version": "1.2",
                "scm_type": "None",
                "scm_use_main_ip_restriction": false,
                "use_32_bit_worker": true,
                "virtual_application": [],
                "vnet_route_all_enabled": false,
                "websockets_enabled": false,
                "windows_fx_version": "",
                "worker_count": 1
              }
            ],
            "site_credential": [
              {
                "name": "$thefinalhawkapp1000",
                "password": "uBroatXYt1ZrosZqu6iDrNQcRKqrs6YiYSyqX0wjl4wgbt54BqaL7orGjB0W"
              }
            ],
            "sticky_settings": [],
            "storage_account": [],
            "tags": null,
            "timeouts": null,
            "zip_deploy_file": ""
          },
          "sensitive_attributes": [
            [
              {
                "type": "get_attr",
                "value": "app_settings"
              },
              {
                "type": "index",
                "value": {
                  "value": "APPINSIGHTS_INSTRUMENTATIONKEY",
                  "type": "string"
                }
              }
            ],
            [
              {
                "type": "get_attr",
                "value": "app_settings"
              },
              {
                "type": "index",
                "value": {
                  "value": "APPLICATIONINSIGHTS_CONNECTION_STRING",
                  "type": "string"
                }
              }
            ]
          ],
          "private": "eyJlMmJmYjczMC1lY2FhLTExZTYtOGY4OC0zNDM2M2JjN2M0YzAiOnsiY3JlYXRlIjoxODAwMDAwMDAwMDAwLCJkZWxldGUiOjE4MDAwMDAwMDAwMDAsInJlYWQiOjMwMDAwMDAwMDAwMCwidXBkYXRlIjoxODAwMDAwMDAwMDAwfX0=",
          "dependencies": [
            "azurerm_application_insights.appinsights",
            "azurerm_log_analytics_workspace.appworkspace",
            "azurerm_service_plan.companyplan"
          ]
        }
      ]
    }
  ],
  "check_results": null
}
